
Microsoft Visual Studio Solution File, Format Version 12.00
# Visual Studio Version 16
Project("{2150E333-8FDC-42A3-9474-1A3956D46DE8}") = "src", "src", "{10DE61A8-9475-4A3F-90BC-CE9257596A4C}"
EndProject
Project("{2150E333-8FDC-42A3-9474-1A3956D46DE8}") = "test", "test", "{A862A12F-D5E2-44CC-A21B-53CC9C35976A}"
EndProject
Project("{2150E333-8FDC-42A3-9474-1A3956D46DE8}") = "Core", "Core", "{4156C04A-1D76-48D4-97BB-A938100B8507}"
EndProject
Project("{2150E333-8FDC-42A3-9474-1A3956D46DE8}") = "API", "API", "{E8E3D33F-ED76-4211-9A19-7DDF74A35211}"
EndProject
Project("{2150E333-8FDC-42A3-9474-1A3956D46DE8}") = "Infrastructure", "Infrastructure", "{9A8ED88E-2158-4462-9E6E-E97E0713C28B}"
EndProject
Project("{2150E333-8FDC-42A3-9474-1A3956D46DE8}") = "UI", "UI", "{A1385B96-6DF9-4A65-AC3D-7F5F99F71942}"
EndProject
Project("{FAE04EC0-301F-11D3-BF4B-00C04F79EFBC}") = "HR.LeaveManagement.Domain", "src\HR.LeaveManagement.Domain\HR.LeaveManagement.Domain.csproj", "{AB05A9CB-6D31-4E8D-A6BB-0309C8E83E4D}"
EndProject
Project("{FAE04EC0-301F-11D3-BF4B-00C04F79EFBC}") = "HR.LeaveManagement.Application", "src\Core\HR.LeaveManagement.Application\HR.LeaveManagement.Application.csproj", "{37443FBD-956F-4CAE-A443-1908A34E61DC}"
EndProject
Global
	GlobalSection(SolutionConfigurationPlatforms) = preSolution
		Debug|Any CPU = Debug|Any CPU
		Release|Any CPU = Release|Any CPU
	EndGlobalSection
	GlobalSection(ProjectConfigurationPlatforms) = postSolution
		{AB05A9CB-6D31-4E8D-A6BB-0309C8E83E4D}.Debug|Any CPU.ActiveCfg = Debug|Any CPU
		{AB05A9CB-6D31-4E8D-A6BB-0309C8E83E4D}.Debug|Any CPU.Build.0 = Debug|Any CPU
		{AB05A9CB-6D31-4E8D-A6BB-0309C8E83E4D}.Release|Any CPU.ActiveCfg = Release|Any CPU
		{AB05A9CB-6D31-4E8D-A6BB-0309C8E83E4D}.Release|Any CPU.Build.0 = Release|Any CPU
		{37443FBD-956F-4CAE-A443-1908A34E61DC}.Debug|Any CPU.ActiveCfg = Debug|Any CPU
		{37443FBD-956F-4CAE-A443-1908A34E61DC}.Debug|Any CPU.Build.0 = Debug|Any CPU
		{37443FBD-956F-4CAE-A443-1908A34E61DC}.Release|Any CPU.ActiveCfg = Release|Any CPU
		{37443FBD-956F-4CAE-A443-1908A34E61DC}.Release|Any CPU.Build.0 = Release|Any CPU
	EndGlobalSection
	GlobalSection(NestedProjects) = preSolution
		{4156C04A-1D76-48D4-97BB-A938100B8507} = {10DE61A8-9475-4A3F-90BC-CE9257596A4C}
		{E8E3D33F-ED76-4211-9A19-7DDF74A35211} = {10DE61A8-9475-4A3F-90BC-CE9257596A4C}
		{9A8ED88E-2158-4462-9E6E-E97E0713C28B} = {10DE61A8-9475-4A3F-90BC-CE9257596A4C}
		{A1385B96-6DF9-4A65-AC3D-7F5F99F71942} = {10DE61A8-9475-4A3F-90BC-CE9257596A4C}
		{AB05A9CB-6D31-4E8D-A6BB-0309C8E83E4D} = {4156C04A-1D76-48D4-97BB-A938100B8507}
		{37443FBD-956F-4CAE-A443-1908A34E61DC} = {4156C04A-1D76-48D4-97BB-A938100B8507}
	EndGlobalSection
EndGlobal
